{
  "pins" : [
    {
      "identity" : "rhcachestore",
      "kind" : "remoteSourceControl",
      "location" : "https://github.com/HsinChungHan/RHCacheStore.git",
      "state" : {
        "branch" : "main",
        "revision" : "c65405df557568ffcdf11c7c3ed9b1a178e3238b"
      }
    }
  ],
  "version" : 2
}
