{
  "pins" : [
    {
      "identity" : "rhcachestore",
      "kind" : "remoteSourceControl",
      "location" : "https://github.com/HsinChungHan/RHCacheStore.git",
      "state" : {
        "branch" : "main",
        "revision" : "6fa3539567eac54c95d978a79e4c7db6f5299cd5"
      }
    }
  ],
  "version" : 2
}
