{
  "pins" : [
    {
      "identity" : "rhcachestore",
      "kind" : "remoteSourceControl",
      "location" : "https://github.com/HsinChungHan/RHCacheStore.git",
      "state" : {
        "branch" : "main",
        "revision" : "5f42425d118f2c8ec682d7a6fe8bc06ad2993c99"
      }
    }
  ],
  "version" : 2
}
